
Microsoft Visual Studio Solution File, Format Version 12.00
# Visual Studio Version 17
VisualStudioVersion = 17.8.34316.72
MinimumVisualStudioVersion = 10.0.40219.1
Project("{FAE04EC0-301F-11D3-BF4B-00C04F79EFBC}") = "Second_Project", "Second_Project\Second_Project.csproj", "{0260FFD2-2A35-47D1-A076-852FCFB9A4E5}"
EndProject
Global
	GlobalSection(SolutionConfigurationPlatforms) = preSolution
		Debug|Any CPU = Debug|Any CPU
		Release|Any CPU = Release|Any CPU
	EndGlobalSection
	GlobalSection(ProjectConfigurationPlatforms) = postSolution
		{0260FFD2-2A35-47D1-A076-852FCFB9A4E5}.Debug|Any CPU.ActiveCfg = Debug|Any CPU
		{0260FFD2-2A35-47D1-A076-852FCFB9A4E5}.Debug|Any CPU.Build.0 = Debug|Any CPU
		{0260FFD2-2A35-47D1-A076-852FCFB9A4E5}.Release|Any CPU.ActiveCfg = Release|Any CPU
		{0260FFD2-2A35-47D1-A076-852FCFB9A4E5}.Release|Any CPU.Build.0 = Release|Any CPU
	EndGlobalSection
	GlobalSection(SolutionProperties) = preSolution
		HideSolutionNode = FALSE
	EndGlobalSection
	GlobalSection(ExtensibilityGlobals) = postSolution
		SolutionGuid = {2377666A-285D-4FBF-8B09-478D9AD3BE4C}
	EndGlobalSection
EndGlobal
